
Microsoft Visual Studio Solution File, Format Version 12.00
# Visual Studio 14
VisualStudioVersion = 14.0.25420.1
MinimumVisualStudioVersion = 10.0.40219.1
Project("{8BB2217D-0F2D-49D1-97BC-3654ED321F3B}") = "MHipchat.NLogCore.Extension", "src\MHipchat.NLogCore.Extension\MHipchat.NLogCore.Extension.xproj", "{3B33B5F5-4F44-4737-B4B0-579D6FC1AB74}"
EndProject
Project("{8BB2217D-0F2D-49D1-97BC-3654ED321F3B}") = "DotnetCoreConsoleAppSample", "src\DotnetCoreConsoleAppSample\DotnetCoreConsoleAppSample.xproj", "{3E53A374-5E3E-4B36-9EAC-2A66F712679D}"
	ProjectSection(ProjectDependencies) = postProject
		{3B33B5F5-4F44-4737-B4B0-579D6FC1AB74} = {3B33B5F5-4F44-4737-B4B0-579D6FC1AB74}
	EndProjectSection
EndProject
Project("{2150E333-8FDC-42A3-9474-1A3956D46DE8}") = "Solution Items", "Solution Items", "{F10BD699-9338-4981-9DED-CADC6128AE7B}"
	ProjectSection(SolutionItems) = preProject
		ReadMe.md = ReadMe.md
	EndProjectSection
EndProject
Global
	GlobalSection(SolutionConfigurationPlatforms) = preSolution
		Debug|Any CPU = Debug|Any CPU
		Release|Any CPU = Release|Any CPU
	EndGlobalSection
	GlobalSection(ProjectConfigurationPlatforms) = postSolution
		{3B33B5F5-4F44-4737-B4B0-579D6FC1AB74}.Debug|Any CPU.ActiveCfg = Debug|Any CPU
		{3B33B5F5-4F44-4737-B4B0-579D6FC1AB74}.Debug|Any CPU.Build.0 = Debug|Any CPU
		{3B33B5F5-4F44-4737-B4B0-579D6FC1AB74}.Release|Any CPU.ActiveCfg = Release|Any CPU
		{3B33B5F5-4F44-4737-B4B0-579D6FC1AB74}.Release|Any CPU.Build.0 = Release|Any CPU
		{3E53A374-5E3E-4B36-9EAC-2A66F712679D}.Debug|Any CPU.ActiveCfg = Debug|Any CPU
		{3E53A374-5E3E-4B36-9EAC-2A66F712679D}.Debug|Any CPU.Build.0 = Debug|Any CPU
		{3E53A374-5E3E-4B36-9EAC-2A66F712679D}.Release|Any CPU.ActiveCfg = Release|Any CPU
		{3E53A374-5E3E-4B36-9EAC-2A66F712679D}.Release|Any CPU.Build.0 = Release|Any CPU
	EndGlobalSection
	GlobalSection(SolutionProperties) = preSolution
		HideSolutionNode = FALSE
	EndGlobalSection
EndGlobal
